
Microsoft Visual Studio Solution File, Format Version 12.00
# Visual Studio Version 16
VisualStudioVersion = 16.0.29728.190
MinimumVisualStudioVersion = 10.0.40219.1
Project("{9A19103F-16F7-4668-BE54-9A1E7A4F7556}") = "Minitwit.DataAccessLayer", "Minitwit.DataAccessLayer\Minitwit.DataAccessLayer.csproj", "{86C35FE7-D03E-40E4-BB2D-4BE5D12D649D}"
EndProject
Project("{9A19103F-16F7-4668-BE54-9A1E7A4F7556}") = "Minitwit.Models", "Minitwit.Models\Minitwit.Models.csproj", "{D932F3E5-678F-4E9B-9F9C-2C2EB2E6722D}"
EndProject
Project("{9A19103F-16F7-4668-BE54-9A1E7A4F7556}") = "Minitwit.API", "Minitwit.API\Minitwit.API.csproj", "{C1D43A71-12BD-4726-B2F7-F6FB78030903}"
EndProject
Project("{9A19103F-16F7-4668-BE54-9A1E7A4F7556}") = "Infrastructure", "Infrastructure\Infrastructure.csproj", "{DB898606-A441-4907-B6A9-E01E0F266BA4}"
EndProject
Project("{9A19103F-16F7-4668-BE54-9A1E7A4F7556}") = "Repository", "Repository\Repository.csproj", "{5160BD34-3E64-4742-96FF-2FBF4189A6DB}"
EndProject
Project("{9A19103F-16F7-4668-BE54-9A1E7A4F7556}") = "Minitwit.Tests", "Minitwit.Tests\Minitwit.Tests.csproj", "{6948C4F9-0F20-4F36-8608-8BF63EA44441}"
EndProject
Global
	GlobalSection(SolutionConfigurationPlatforms) = preSolution
		Debug|Any CPU = Debug|Any CPU
		Release|Any CPU = Release|Any CPU
	EndGlobalSection
	GlobalSection(ProjectConfigurationPlatforms) = postSolution
		{86C35FE7-D03E-40E4-BB2D-4BE5D12D649D}.Debug|Any CPU.ActiveCfg = Debug|Any CPU
		{86C35FE7-D03E-40E4-BB2D-4BE5D12D649D}.Debug|Any CPU.Build.0 = Debug|Any CPU
		{86C35FE7-D03E-40E4-BB2D-4BE5D12D649D}.Release|Any CPU.ActiveCfg = Release|Any CPU
		{86C35FE7-D03E-40E4-BB2D-4BE5D12D649D}.Release|Any CPU.Build.0 = Release|Any CPU
		{D932F3E5-678F-4E9B-9F9C-2C2EB2E6722D}.Debug|Any CPU.ActiveCfg = Debug|Any CPU
		{D932F3E5-678F-4E9B-9F9C-2C2EB2E6722D}.Debug|Any CPU.Build.0 = Debug|Any CPU
		{D932F3E5-678F-4E9B-9F9C-2C2EB2E6722D}.Release|Any CPU.ActiveCfg = Release|Any CPU
		{D932F3E5-678F-4E9B-9F9C-2C2EB2E6722D}.Release|Any CPU.Build.0 = Release|Any CPU
		{C1D43A71-12BD-4726-B2F7-F6FB78030903}.Debug|Any CPU.ActiveCfg = Debug|Any CPU
		{C1D43A71-12BD-4726-B2F7-F6FB78030903}.Debug|Any CPU.Build.0 = Debug|Any CPU
		{C1D43A71-12BD-4726-B2F7-F6FB78030903}.Release|Any CPU.ActiveCfg = Release|Any CPU
		{C1D43A71-12BD-4726-B2F7-F6FB78030903}.Release|Any CPU.Build.0 = Release|Any CPU
		{DB898606-A441-4907-B6A9-E01E0F266BA4}.Debug|Any CPU.ActiveCfg = Debug|Any CPU
		{DB898606-A441-4907-B6A9-E01E0F266BA4}.Debug|Any CPU.Build.0 = Debug|Any CPU
		{DB898606-A441-4907-B6A9-E01E0F266BA4}.Release|Any CPU.ActiveCfg = Release|Any CPU
		{DB898606-A441-4907-B6A9-E01E0F266BA4}.Release|Any CPU.Build.0 = Release|Any CPU
		{5160BD34-3E64-4742-96FF-2FBF4189A6DB}.Debug|Any CPU.ActiveCfg = Debug|Any CPU
		{5160BD34-3E64-4742-96FF-2FBF4189A6DB}.Debug|Any CPU.Build.0 = Debug|Any CPU
		{5160BD34-3E64-4742-96FF-2FBF4189A6DB}.Release|Any CPU.ActiveCfg = Release|Any CPU
		{5160BD34-3E64-4742-96FF-2FBF4189A6DB}.Release|Any CPU.Build.0 = Release|Any CPU
		{6948C4F9-0F20-4F36-8608-8BF63EA44441}.Debug|Any CPU.ActiveCfg = Debug|Any CPU
		{6948C4F9-0F20-4F36-8608-8BF63EA44441}.Debug|Any CPU.Build.0 = Debug|Any CPU
		{6948C4F9-0F20-4F36-8608-8BF63EA44441}.Release|Any CPU.ActiveCfg = Release|Any CPU
		{6948C4F9-0F20-4F36-8608-8BF63EA44441}.Release|Any CPU.Build.0 = Release|Any CPU
	EndGlobalSection
	GlobalSection(SolutionProperties) = preSolution
		HideSolutionNode = FALSE
	EndGlobalSection
	GlobalSection(ExtensibilityGlobals) = postSolution
		SolutionGuid = {209800FB-9F87-4E83-82F7-55BBF22C2A48}
	EndGlobalSection
EndGlobal
